
Microsoft Visual Studio Solution File, Format Version 12.00
Project("{FAE04EC0-301F-11D3-BF4B-00C04F79EFBC}") = "YieldBenchmark", "YieldBenchmark\YieldBenchmark.csproj", "{AF66CA1D-6DC2-4B86-BA90-F765DE049B7A}"
EndProject
Global
	GlobalSection(SolutionConfigurationPlatforms) = preSolution
		Debug|Any CPU = Debug|Any CPU
		Release|Any CPU = Release|Any CPU
	EndGlobalSection
	GlobalSection(ProjectConfigurationPlatforms) = postSolution
		{AF66CA1D-6DC2-4B86-BA90-F765DE049B7A}.Debug|Any CPU.ActiveCfg = Debug|Any CPU
		{AF66CA1D-6DC2-4B86-BA90-F765DE049B7A}.Debug|Any CPU.Build.0 = Debug|Any CPU
		{AF66CA1D-6DC2-4B86-BA90-F765DE049B7A}.Release|Any CPU.ActiveCfg = Release|Any CPU
		{AF66CA1D-6DC2-4B86-BA90-F765DE049B7A}.Release|Any CPU.Build.0 = Release|Any CPU
	EndGlobalSection
EndGlobal
